{
  "name": "hw4",
  "version": "1.0.0",
  "lockfileVersion": 1,
  "requires": true,
  "dependencies": {
    "@types/deep-equal": {
      "version": "1.0.1",
      "resolved": "https://registry.npmjs.org/@types/deep-equal/-/deep-equal-1.0.1.tgz",
      "integrity": "sha512-mMUu4nWHLBlHtxXY17Fg6+ucS/MnndyOWyOe7MmwkoMYxvfQU2ajtRaEvqSUv+aVkMqH/C0NCI8UoVfRNQ10yg==",
      "dev": true
    },
    "@types/node": {
      "version": "11.13.13",
      "resolved": "https://registry.npmjs.org/@types/node/-/node-11.13.13.tgz",
      "integrity": "sha512-GFWH7e4Q/OGLAO545bupVju+nE1YtLSwYAdLfSzAXnTPqoqKoXCOEtB7Cluvg9B/h2nGLhyzCDyCInYvrOE2nw=="
    },
    "@types/ramda": {
      "version": "0.26.9",
      "resolved": "https://registry.npmjs.org/@types/ramda/-/ramda-0.26.9.tgz",
      "integrity": "sha512-yozsk6sXE29kP/mzLCgZ6RFSwx2pD41ZgW1m4rk3meKyj4mw77ISxnu5Knc1tLaKQd2ocdd7Y0daCG678olPfw=="
    },
    "deep-equal": {
      "version": "1.0.1",
      "resolved": "https://registry.npmjs.org/deep-equal/-/deep-equal-1.0.1.tgz",
      "integrity": "sha1-9dJgKStmDghO/0zbyfCK0yR0SLU="
    },
    "ramda": {
      "version": "0.26.1",
      "resolved": "https://registry.npmjs.org/ramda/-/ramda-0.26.1.tgz",
      "integrity": "sha512-hLWjpy7EnsDBb0p+Z3B7rPi3GDeRG5ZtiI33kJhTt+ORCd38AbAIjB/9zRIUoeTbE/AVX5ZkU7m6bznsvrf8eQ=="
    },
    "s-expression": {
      "version": "3.0.3",
      "resolved": "https://registry.npmjs.org/s-expression/-/s-expression-3.0.3.tgz",
      "integrity": "sha1-gDCb/qa8+AlgthuyL0SY0XhgeZ0="
    }
  }
}
